
Microsoft Visual Studio Solution File, Format Version 12.00
# Visual Studio Version 17
VisualStudioVersion = 17.11.35219.272
MinimumVisualStudioVersion = 10.0.40219.1
Project("{F184B08F-C81C-45F6-A57F-5ABD9991F28F}") = "MCI-Test", "MCI-Test\MCI-Test.vbproj", "{9D677796-843E-4AED-A369-0DB658B2A3CC}"
EndProject
Global
	GlobalSection(SolutionConfigurationPlatforms) = preSolution
		Debug|Any CPU = Debug|Any CPU
		Release|Any CPU = Release|Any CPU
	EndGlobalSection
	GlobalSection(ProjectConfigurationPlatforms) = postSolution
		{9D677796-843E-4AED-A369-0DB658B2A3CC}.Debug|Any CPU.ActiveCfg = Debug|Any CPU
		{9D677796-843E-4AED-A369-0DB658B2A3CC}.Debug|Any CPU.Build.0 = Debug|Any CPU
		{9D677796-843E-4AED-A369-0DB658B2A3CC}.Release|Any CPU.ActiveCfg = Release|Any CPU
		{9D677796-843E-4AED-A369-0DB658B2A3CC}.Release|Any CPU.Build.0 = Release|Any CPU
	EndGlobalSection
	GlobalSection(SolutionProperties) = preSolution
		HideSolutionNode = FALSE
	EndGlobalSection
	GlobalSection(ExtensibilityGlobals) = postSolution
		SolutionGuid = {2FBBA2A6-1287-4649-AD88-69308BEF39CE}
	EndGlobalSection
EndGlobal
